
Microsoft Visual Studio Solution File, Format Version 12.00
# Visual Studio Version 16
VisualStudioVersion = 16.0.29306.81
MinimumVisualStudioVersion = 10.0.40219.1
Project("{FAE04EC0-301F-11D3-BF4B-00C04F79EFBC}") = "MVC_Zoo_2", "MVC_Zoo_2.csproj", "{3C433004-BEC4-4031-B801-329C4EA7B44F}"
EndProject
Global
	GlobalSection(SolutionConfigurationPlatforms) = preSolution
		Debug|Any CPU = Debug|Any CPU
		Release|Any CPU = Release|Any CPU
	EndGlobalSection
	GlobalSection(ProjectConfigurationPlatforms) = postSolution
		{3C433004-BEC4-4031-B801-329C4EA7B44F}.Debug|Any CPU.ActiveCfg = Debug|Any CPU
		{3C433004-BEC4-4031-B801-329C4EA7B44F}.Debug|Any CPU.Build.0 = Debug|Any CPU
		{3C433004-BEC4-4031-B801-329C4EA7B44F}.Release|Any CPU.ActiveCfg = Release|Any CPU
		{3C433004-BEC4-4031-B801-329C4EA7B44F}.Release|Any CPU.Build.0 = Release|Any CPU
	EndGlobalSection
	GlobalSection(SolutionProperties) = preSolution
		HideSolutionNode = FALSE
	EndGlobalSection
	GlobalSection(ExtensibilityGlobals) = postSolution
		SolutionGuid = {CF25C20C-AADA-4C60-A0AB-5ABC8D35918A}
	EndGlobalSection
EndGlobal
