
Microsoft Visual Studio Solution File, Format Version 12.00
# Visual Studio Version 16
VisualStudioVersion = 16.0.29306.81
MinimumVisualStudioVersion = 10.0.40219.1
Project("{FAE04EC0-301F-11D3-BF4B-00C04F79EFBC}") = "MVC_Zoo", "MVC_Zoo.csproj", "{377EF6BD-5EED-430B-8107-7849A2B76600}"
EndProject
Global
	GlobalSection(SolutionConfigurationPlatforms) = preSolution
		Debug|Any CPU = Debug|Any CPU
		Release|Any CPU = Release|Any CPU
	EndGlobalSection
	GlobalSection(ProjectConfigurationPlatforms) = postSolution
		{377EF6BD-5EED-430B-8107-7849A2B76600}.Debug|Any CPU.ActiveCfg = Debug|Any CPU
		{377EF6BD-5EED-430B-8107-7849A2B76600}.Debug|Any CPU.Build.0 = Debug|Any CPU
		{377EF6BD-5EED-430B-8107-7849A2B76600}.Release|Any CPU.ActiveCfg = Release|Any CPU
		{377EF6BD-5EED-430B-8107-7849A2B76600}.Release|Any CPU.Build.0 = Release|Any CPU
	EndGlobalSection
	GlobalSection(SolutionProperties) = preSolution
		HideSolutionNode = FALSE
	EndGlobalSection
	GlobalSection(ExtensibilityGlobals) = postSolution
		SolutionGuid = {72AA79B0-3563-4EDD-9D6C-B13D9ABF8D4E}
	EndGlobalSection
EndGlobal
